// !$*UTF8*$!
{
	archiveVersion = 1;
	classes = {
	};
	objectVersion = 46;
	objects = {

/* Begin PBXBuildFile section */
		1DDD582C0DA1D0D100B32029 /* FVWindow.xib in Resources */ = {isa = PBXBuildFile; fileRef = 1DDD58280DA1D0D100B32029 /* FVWindow.xib */; };
		1DDD582D0DA1D0D100B32029 /* MainMenu.xib in Resources */ = {isa = PBXBuildFile; fileRef = 1DDD582A0DA1D0D100B32029 /* MainMenu.xib */; };
		55F1F88C1B0012B900518344 /* StringListTemplate.swift in Sources */ = {isa = PBXBuildFile; fileRef = 55F1F88B1B0012B900518344 /* StringListTemplate.swift */; };
		55F1F88E1B0012C100518344 /* StringListView.xib in Resources */ = {isa = PBXBuildFile; fileRef = 55F1F88D1B0012C100518344 /* StringListView.xib */; };
		8D15AC340486D014006FF6A4 /* Cocoa.framework in Frameworks */ = {isa = PBXBuildFile; fileRef = 1058C7A7FEA54F5311CA2CBB /* Cocoa.framework */; };
		A54A9B28138DDCB6004F8BB9 /* FVResourceFile.m in Sources */ = {isa = PBXBuildFile; fileRef = A54A9B27138DDCB6004F8BB9 /* FVResourceFile.m */; };
		A55408FE1AF70A9E0052A143 /* RSVerticallyCenteredTextFieldCell.swift in Sources */ = {isa = PBXBuildFile; fileRef = A55408FD1AF70A9E0052A143 /* RSVerticallyCenteredTextFieldCell.swift */; };
		A594AD131AF4874100197F25 /* FVTableView.swift in Sources */ = {isa = PBXBuildFile; fileRef = A594AD121AF4874100197F25 /* FVTableView.swift */; };
		A594AD161AF48BB600197F25 /* FVWindowController.swift in Sources */ = {isa = PBXBuildFile; fileRef = A594AD151AF48BB600197F25 /* FVWindowController.swift */; };
		A594AD1A1AF53AAD00197F25 /* FVImageTypeController.swift in Sources */ = {isa = PBXBuildFile; fileRef = A594AD191AF53AAD00197F25 /* FVImageTypeController.swift */; };
		A594AD1C1AF5403800197F25 /* FVTypeController.swift in Sources */ = {isa = PBXBuildFile; fileRef = A594AD1B1AF5403800197F25 /* FVTypeController.swift */; };
		A594AD1E1AF5630A00197F25 /* FVSNDTypeController.swift in Sources */ = {isa = PBXBuildFile; fileRef = A594AD1D1AF5630A00197F25 /* FVSNDTypeController.swift */; };
		A594AD201AF5693600197F25 /* FVDataReader.swift in Sources */ = {isa = PBXBuildFile; fileRef = A594AD1F1AF5693600197F25 /* FVDataReader.swift */; };
		A5A0779E198E9B6A00AAFF2F /* FVResourceType.swift in Sources */ = {isa = PBXBuildFile; fileRef = A5A0779D198E9B6A00AAFF2F /* FVResourceType.swift */; };
		A5A077A1198EA0C000AAFF2F /* FVResource.swift in Sources */ = {isa = PBXBuildFile; fileRef = A5A077A0198EA0C000AAFF2F /* FVResource.swift */; };
		A5A077A4198EA5DC00AAFF2F /* FVDocument.swift in Sources */ = {isa = PBXBuildFile; fileRef = A5A077A2198EA38B00AAFF2F /* FVDocument.swift */; };
		A5A077A8198EDF0600AAFF2F /* FVLine.swift in Sources */ = {isa = PBXBuildFile; fileRef = A5A077A7198EDF0600AAFF2F /* FVLine.swift */; };
		A5FFD8E41AFEDC33008AB914 /* FVTextTypeController.swift in Sources */ = {isa = PBXBuildFile; fileRef = A5FFD8E31AFEDC33008AB914 /* FVTextTypeController.swift */; };
		A5FFD8E61B002348008AB914 /* TextView.xib in Resources */ = {isa = PBXBuildFile; fileRef = A5FFD8E51B002348008AB914 /* TextView.xib */; };
		A5FFD9011B0048EA008AB914 /* PICTConverter.m in Sources */ = {isa = PBXBuildFile; fileRef = A5FFD9001B0048EA008AB914 /* PICTConverter.m */; };
		A5FFD9071B004D8D008AB914 /* PICTConverter in Resources */ = {isa = PBXBuildFile; fileRef = A5FFD8FE1B0048EA008AB914 /* PICTConverter */; };
/* End PBXBuildFile section */

/* Begin PBXContainerItemProxy section */
		A5FFD9051B004C12008AB914 /* PBXContainerItemProxy */ = {
			isa = PBXContainerItemProxy;
			containerPortal = 2A37F4A9FDCFA73011CA2CEA /* Project object */;
			proxyType = 1;
			remoteGlobalIDString = A5FFD8FD1B0048EA008AB914;
			remoteInfo = PICTConverter;
		};
/* End PBXContainerItemProxy section */

/* Begin PBXCopyFilesBuildPhase section */
		A5FFD8FC1B0048EA008AB914 /* CopyFiles */ = {
			isa = PBXCopyFilesBuildPhase;
			buildActionMask = 2147483647;
			dstPath = /usr/share/man/man1/;
			dstSubfolderSpec = 0;
			files = (
			);
			runOnlyForDeploymentPostprocessing = 1;
		};
/* End PBXCopyFilesBuildPhase section */

/* Begin PBXFileReference section */
		1058C7A7FEA54F5311CA2CBB /* Cocoa.framework */ = {isa = PBXFileReference; lastKnownFileType = wrapper.framework; name = Cocoa.framework; path = /System/Library/Frameworks/Cocoa.framework; sourceTree = "<absolute>"; };
		1DDD58290DA1D0D100B32029 /* English */ = {isa = PBXFileReference; lastKnownFileType = file.xib; name = English; path = English.lproj/FVWindow.xib; sourceTree = "<group>"; };
		1DDD582B0DA1D0D100B32029 /* English */ = {isa = PBXFileReference; lastKnownFileType = file.xib; name = English; path = English.lproj/MainMenu.xib; sourceTree = "<group>"; };
		55F1F88B1B0012B900518344 /* StringListTemplate.swift */ = {isa = PBXFileReference; fileEncoding = 4; lastKnownFileType = sourcecode.swift; path = StringListTemplate.swift; sourceTree = "<group>"; };
		55F1F88D1B0012C100518344 /* StringListView.xib */ = {isa = PBXFileReference; fileEncoding = 4; lastKnownFileType = file.xib; path = StringListView.xib; sourceTree = "<group>"; };
		8D15AC360486D014006FF6A4 /* ForkView-Info.plist */ = {isa = PBXFileReference; fileEncoding = 4; lastKnownFileType = text.plist.xml; path = "ForkView-Info.plist"; sourceTree = "<group>"; };
		8D15AC370486D014006FF6A4 /* ForkView.app */ = {isa = PBXFileReference; explicitFileType = wrapper.application; includeInIndex = 0; path = ForkView.app; sourceTree = BUILT_PRODUCTS_DIR; };
		A54A9B26138DDCB6004F8BB9 /* FVResourceFile.h */ = {isa = PBXFileReference; fileEncoding = 4; lastKnownFileType = sourcecode.c.h; path = FVResourceFile.h; sourceTree = "<group>"; };
		A54A9B27138DDCB6004F8BB9 /* FVResourceFile.m */ = {isa = PBXFileReference; fileEncoding = 4; lastKnownFileType = sourcecode.c.objc; path = FVResourceFile.m; sourceTree = "<group>"; };
		A54AA022138E1F81004F8BB9 /* FVResourceFilePriv.h */ = {isa = PBXFileReference; fileEncoding = 4; lastKnownFileType = sourcecode.c.h; path = FVResourceFilePriv.h; sourceTree = "<group>"; };
		A55408FD1AF70A9E0052A143 /* RSVerticallyCenteredTextFieldCell.swift */ = {isa = PBXFileReference; fileEncoding = 4; lastKnownFileType = sourcecode.swift; path = RSVerticallyCenteredTextFieldCell.swift; sourceTree = "<group>"; };
		A594AD121AF4874100197F25 /* FVTableView.swift */ = {isa = PBXFileReference; fileEncoding = 4; lastKnownFileType = sourcecode.swift; path = FVTableView.swift; sourceTree = "<group>"; };
		A594AD151AF48BB600197F25 /* FVWindowController.swift */ = {isa = PBXFileReference; fileEncoding = 4; lastKnownFileType = sourcecode.swift; path = FVWindowController.swift; sourceTree = "<group>"; };
		A594AD191AF53AAD00197F25 /* FVImageTypeController.swift */ = {isa = PBXFileReference; fileEncoding = 4; lastKnownFileType = sourcecode.swift; path = FVImageTypeController.swift; sourceTree = "<group>"; };
		A594AD1B1AF5403800197F25 /* FVTypeController.swift */ = {isa = PBXFileReference; fileEncoding = 4; lastKnownFileType = sourcecode.swift; path = FVTypeController.swift; sourceTree = "<group>"; };
		A594AD1D1AF5630A00197F25 /* FVSNDTypeController.swift */ = {isa = PBXFileReference; fileEncoding = 4; lastKnownFileType = sourcecode.swift; path = FVSNDTypeController.swift; sourceTree = "<group>"; };
		A594AD1F1AF5693600197F25 /* FVDataReader.swift */ = {isa = PBXFileReference; fileEncoding = 4; lastKnownFileType = sourcecode.swift; path = FVDataReader.swift; sourceTree = "<group>"; };
		A5A0779D198E9B6A00AAFF2F /* FVResourceType.swift */ = {isa = PBXFileReference; fileEncoding = 4; lastKnownFileType = sourcecode.swift; path = FVResourceType.swift; sourceTree = "<group>"; };
		A5A0779F198EA05000AAFF2F /* ForkView-Bridging-Header.h */ = {isa = PBXFileReference; lastKnownFileType = sourcecode.c.h; path = "ForkView-Bridging-Header.h"; sourceTree = "<group>"; };
		A5A077A0198EA0C000AAFF2F /* FVResource.swift */ = {isa = PBXFileReference; fileEncoding = 4; lastKnownFileType = sourcecode.swift; path = FVResource.swift; sourceTree = "<group>"; };
		A5A077A2198EA38B00AAFF2F /* FVDocument.swift */ = {isa = PBXFileReference; fileEncoding = 4; lastKnownFileType = sourcecode.swift; path = FVDocument.swift; sourceTree = "<group>"; };
		A5A077A7198EDF0600AAFF2F /* FVLine.swift */ = {isa = PBXFileReference; fileEncoding = 4; lastKnownFileType = sourcecode.swift; path = FVLine.swift; sourceTree = "<group>"; };
		A5FFD8E31AFEDC33008AB914 /* FVTextTypeController.swift */ = {isa = PBXFileReference; fileEncoding = 4; lastKnownFileType = sourcecode.swift; path = FVTextTypeController.swift; sourceTree = "<group>"; };
		A5FFD8E51B002348008AB914 /* TextView.xib */ = {isa = PBXFileReference; fileEncoding = 4; lastKnownFileType = file.xib; path = TextView.xib; sourceTree = "<group>"; };
		A5FFD8FE1B0048EA008AB914 /* PICTConverter */ = {isa = PBXFileReference; explicitFileType = "compiled.mach-o.executable"; includeInIndex = 0; path = PICTConverter; sourceTree = BUILT_PRODUCTS_DIR; };
		A5FFD9001B0048EA008AB914 /* PICTConverter.m */ = {isa = PBXFileReference; lastKnownFileType = sourcecode.c.objc; path = PICTConverter.m; sourceTree = "<group>"; };
/* End PBXFileReference section */

/* Begin PBXFrameworksBuildPhase section */
		8D15AC330486D014006FF6A4 /* Frameworks */ = {
			isa = PBXFrameworksBuildPhase;
			buildActionMask = 2147483647;
			files = (
				8D15AC340486D014006FF6A4 /* Cocoa.framework in Frameworks */,
			);
			runOnlyForDeploymentPostprocessing = 0;
		};
		A5FFD8FB1B0048EA008AB914 /* Frameworks */ = {
			isa = PBXFrameworksBuildPhase;
			buildActionMask = 2147483647;
			files = (
			);
			runOnlyForDeploymentPostprocessing = 0;
		};
/* End PBXFrameworksBuildPhase section */

/* Begin PBXGroup section */
		19C28FB0FE9D524F11CA2CBB /* Products */ = {
			isa = PBXGroup;
			children = (
				8D15AC370486D014006FF6A4 /* ForkView.app */,
				A5FFD8FE1B0048EA008AB914 /* PICTConverter */,
			);
			name = Products;
			sourceTree = "<group>";
		};
		2A37F4AAFDCFA73011CA2CEA /* ForkView */ = {
			isa = PBXGroup;
			children = (
				2A37F4ABFDCFA73011CA2CEA /* Classes */,
				2A37F4B8FDCFA73011CA2CEA /* Resources */,
				A5FFD8FF1B0048EA008AB914 /* PICTConverter */,
				2A37F4C3FDCFA73011CA2CEA /* Frameworks */,
				19C28FB0FE9D524F11CA2CBB /* Products */,
			);
			name = ForkView;
			sourceTree = "<group>";
			usesTabs = 0;
		};
		2A37F4ABFDCFA73011CA2CEA /* Classes */ = {
			isa = PBXGroup;
			children = (
				A54A9F01138E0E6A004F8BB9 /* UI */,
				A54A9F02138E0E77004F8BB9 /* Model */,
			);
			name = Classes;
			sourceTree = "<group>";
		};
		2A37F4B8FDCFA73011CA2CEA /* Resources */ = {
			isa = PBXGroup;
			children = (
				8D15AC360486D014006FF6A4 /* ForkView-Info.plist */,
				1DDD58280DA1D0D100B32029 /* FVWindow.xib */,
				1DDD582A0DA1D0D100B32029 /* MainMenu.xib */,
				A5FFD8E51B002348008AB914 /* TextView.xib */,
				55F1F88D1B0012C100518344 /* StringListView.xib */,
			);
			name = Resources;
			sourceTree = "<group>";
		};
		2A37F4C3FDCFA73011CA2CEA /* Frameworks */ = {
			isa = PBXGroup;
			children = (
				1058C7A7FEA54F5311CA2CBB /* Cocoa.framework */,
			);
			name = Frameworks;
			sourceTree = "<group>";
		};
		A54A9F01138E0E6A004F8BB9 /* UI */ = {
			isa = PBXGroup;
			children = (
				A5A077A2198EA38B00AAFF2F /* FVDocument.swift */,
				A594AD151AF48BB600197F25 /* FVWindowController.swift */,
				A5F422C913CEAF5700C882B8 /* Type Controllers */,
				A594AD141AF4874800197F25 /* UI Components */,
			);
			name = UI;
			sourceTree = "<group>";
		};
		A54A9F02138E0E77004F8BB9 /* Model */ = {
			isa = PBXGroup;
			children = (
				A54A9B26138DDCB6004F8BB9 /* FVResourceFile.h */,
				A54A9B27138DDCB6004F8BB9 /* FVResourceFile.m */,
				A54AA022138E1F81004F8BB9 /* FVResourceFilePriv.h */,
				A594AD1F1AF5693600197F25 /* FVDataReader.swift */,
				A5A0779D198E9B6A00AAFF2F /* FVResourceType.swift */,
				A5A077A0198EA0C000AAFF2F /* FVResource.swift */,
				A5A0779F198EA05000AAFF2F /* ForkView-Bridging-Header.h */,
			);
			name = Model;
			sourceTree = "<group>";
		};
		A594AD141AF4874800197F25 /* UI Components */ = {
			isa = PBXGroup;
			children = (
				A5A077A7198EDF0600AAFF2F /* FVLine.swift */,
				A594AD121AF4874100197F25 /* FVTableView.swift */,
				A55408FD1AF70A9E0052A143 /* RSVerticallyCenteredTextFieldCell.swift */,
			);
			name = "UI Components";
			sourceTree = "<group>";
		};
		A5F422C913CEAF5700C882B8 /* Type Controllers */ = {
			isa = PBXGroup;
			children = (
				A594AD1B1AF5403800197F25 /* FVTypeController.swift */,
				A594AD191AF53AAD00197F25 /* FVImageTypeController.swift */,
				A594AD1D1AF5630A00197F25 /* FVSNDTypeController.swift */,
				A5FFD8E31AFEDC33008AB914 /* FVTextTypeController.swift */,
				55F1F88B1B0012B900518344 /* StringListTemplate.swift */,
			);
			name = "Type Controllers";
			sourceTree = "<group>";
		};
		A5FFD8FF1B0048EA008AB914 /* PICTConverter */ = {
			isa = PBXGroup;
			children = (
				A5FFD9001B0048EA008AB914 /* PICTConverter.m */,
			);
			path = PICTConverter;
			sourceTree = "<group>";
		};
/* End PBXGroup section */

/* Begin PBXNativeTarget section */
		8D15AC270486D014006FF6A4 /* ForkView */ = {
			isa = PBXNativeTarget;
			buildConfigurationList = C05733C708A9546B00998B17 /* Build configuration list for PBXNativeTarget "ForkView" */;
			buildPhases = (
				8D15AC2B0486D014006FF6A4 /* Resources */,
				8D15AC300486D014006FF6A4 /* Sources */,
				8D15AC330486D014006FF6A4 /* Frameworks */,
			);
			buildRules = (
			);
			dependencies = (
				A5FFD9061B004C12008AB914 /* PBXTargetDependency */,
			);
			name = ForkView;
			productInstallPath = "$(HOME)/Applications";
			productName = ForkView;
			productReference = 8D15AC370486D014006FF6A4 /* ForkView.app */;
			productType = "com.apple.product-type.application";
		};
		A5FFD8FD1B0048EA008AB914 /* PICTConverter */ = {
			isa = PBXNativeTarget;
			buildConfigurationList = A5FFD9041B0048EA008AB914 /* Build configuration list for PBXNativeTarget "PICTConverter" */;
			buildPhases = (
				A5FFD8FA1B0048EA008AB914 /* Sources */,
				A5FFD8FB1B0048EA008AB914 /* Frameworks */,
				A5FFD8FC1B0048EA008AB914 /* CopyFiles */,
			);
			buildRules = (
			);
			dependencies = (
			);
			name = PICTConverter;
			productName = PICTConverter;
			productReference = A5FFD8FE1B0048EA008AB914 /* PICTConverter */;
			productType = "com.apple.product-type.tool";
		};
/* End PBXNativeTarget section */

/* Begin PBXProject section */
		2A37F4A9FDCFA73011CA2CEA /* Project object */ = {
			isa = PBXProject;
			attributes = {
				LastUpgradeCheck = 0630;
				ORGANIZATIONNAME = "Kevin Wojniak";
				TargetAttributes = {
					A5FFD8FD1B0048EA008AB914 = {
						CreatedOnToolsVersion = 6.3.1;
					};
				};
			};
			buildConfigurationList = C05733CB08A9546B00998B17 /* Build configuration list for PBXProject "ForkView" */;
			compatibilityVersion = "Xcode 3.2";
			developmentRegion = English;
			hasScannedForEncodings = 1;
			knownRegions = (
				English,
				Japanese,
				French,
				German,
			);
			mainGroup = 2A37F4AAFDCFA73011CA2CEA /* ForkView */;
			projectDirPath = "";
			projectRoot = "";
			targets = (
				8D15AC270486D014006FF6A4 /* ForkView */,
				A5FFD8FD1B0048EA008AB914 /* PICTConverter */,
			);
		};
/* End PBXProject section */

/* Begin PBXResourcesBuildPhase section */
		8D15AC2B0486D014006FF6A4 /* Resources */ = {
			isa = PBXResourcesBuildPhase;
			buildActionMask = 2147483647;
			files = (
				A5FFD9071B004D8D008AB914 /* PICTConverter in Resources */,
				1DDD582C0DA1D0D100B32029 /* FVWindow.xib in Resources */,
				A5FFD8E61B002348008AB914 /* TextView.xib in Resources */,
				1DDD582D0DA1D0D100B32029 /* MainMenu.xib in Resources */,
				55F1F88E1B0012C100518344 /* StringListView.xib in Resources */,
			);
			runOnlyForDeploymentPostprocessing = 0;
		};
/* End PBXResourcesBuildPhase section */

/* Begin PBXSourcesBuildPhase section */
		8D15AC300486D014006FF6A4 /* Sources */ = {
			isa = PBXSourcesBuildPhase;
			buildActionMask = 2147483647;
			files = (
				A54A9B28138DDCB6004F8BB9 /* FVResourceFile.m in Sources */,
				A5FFD8E41AFEDC33008AB914 /* FVTextTypeController.swift in Sources */,
				A594AD131AF4874100197F25 /* FVTableView.swift in Sources */,
				A594AD1C1AF5403800197F25 /* FVTypeController.swift in Sources */,
				A5A0779E198E9B6A00AAFF2F /* FVResourceType.swift in Sources */,
				A55408FE1AF70A9E0052A143 /* RSVerticallyCenteredTextFieldCell.swift in Sources */,
				A5A077A1198EA0C000AAFF2F /* FVResource.swift in Sources */,
				A5A077A8198EDF0600AAFF2F /* FVLine.swift in Sources */,
				A5A077A4198EA5DC00AAFF2F /* FVDocument.swift in Sources */,
				A594AD1E1AF5630A00197F25 /* FVSNDTypeController.swift in Sources */,
				55F1F88C1B0012B900518344 /* StringListTemplate.swift in Sources */,
				A594AD161AF48BB600197F25 /* FVWindowController.swift in Sources */,
				A594AD201AF5693600197F25 /* FVDataReader.swift in Sources */,
				A594AD1A1AF53AAD00197F25 /* FVImageTypeController.swift in Sources */,
			);
			runOnlyForDeploymentPostprocessing = 0;
		};
		A5FFD8FA1B0048EA008AB914 /* Sources */ = {
			isa = PBXSourcesBuildPhase;
			buildActionMask = 2147483647;
			files = (
				A5FFD9011B0048EA008AB914 /* PICTConverter.m in Sources */,
			);
			runOnlyForDeploymentPostprocessing = 0;
		};
/* End PBXSourcesBuildPhase section */

/* Begin PBXTargetDependency section */
		A5FFD9061B004C12008AB914 /* PBXTargetDependency */ = {
			isa = PBXTargetDependency;
			target = A5FFD8FD1B0048EA008AB914 /* PICTConverter */;
			targetProxy = A5FFD9051B004C12008AB914 /* PBXContainerItemProxy */;
		};
/* End PBXTargetDependency section */

/* Begin PBXVariantGroup section */
		1DDD58280DA1D0D100B32029 /* FVWindow.xib */ = {
			isa = PBXVariantGroup;
			children = (
				1DDD58290DA1D0D100B32029 /* English */,
			);
			name = FVWindow.xib;
			sourceTree = "<group>";
		};
		1DDD582A0DA1D0D100B32029 /* MainMenu.xib */ = {
			isa = PBXVariantGroup;
			children = (
				1DDD582B0DA1D0D100B32029 /* English */,
			);
			name = MainMenu.xib;
			sourceTree = "<group>";
		};
/* End PBXVariantGroup section */

/* Begin XCBuildConfiguration section */
		A5FFD9021B0048EA008AB914 /* Debug */ = {
			isa = XCBuildConfiguration;
			buildSettings = {
				ALWAYS_SEARCH_USER_PATHS = NO;
				ARCHS = "$(ARCHS_STANDARD_32_BIT)";
				CLANG_CXX_LANGUAGE_STANDARD = "gnu++0x";
				CLANG_CXX_LIBRARY = "libc++";
				CLANG_ENABLE_MODULES = YES;
				CLANG_ENABLE_OBJC_ARC = NO;
				CLANG_WARN_DIRECT_OBJC_ISA_USAGE = YES_ERROR;
				CLANG_WARN_OBJC_ROOT_CLASS = YES_ERROR;
				COPY_PHASE_STRIP = NO;
				DEBUG_INFORMATION_FORMAT = dwarf;
				GCC_DYNAMIC_NO_PIC = NO;
				GCC_PREPROCESSOR_DEFINITIONS = (
					"DEBUG=1",
					"$(inherited)",
				);
				GCC_SYMBOLS_PRIVATE_EXTERN = NO;
				GCC_WARN_ABOUT_RETURN_TYPE = YES_ERROR;
				GCC_WARN_UNINITIALIZED_AUTOS = YES_AGGRESSIVE;
				MACOSX_DEPLOYMENT_TARGET = 10.10;
				MTL_ENABLE_DEBUG_INFO = YES;
				ONLY_ACTIVE_ARCH = NO;
				PRODUCT_NAME = "$(TARGET_NAME)";
			};
			name = Debug;
		};
		A5FFD9031B0048EA008AB914 /* Release */ = {
			isa = XCBuildConfiguration;
			buildSettings = {
				ALWAYS_SEARCH_USER_PATHS = NO;
				ARCHS = "$(ARCHS_STANDARD_32_BIT)";
				CLANG_CXX_LANGUAGE_STANDARD = "gnu++0x";
				CLANG_CXX_LIBRARY = "libc++";
				CLANG_ENABLE_MODULES = YES;
				CLANG_ENABLE_OBJC_ARC = NO;
				CLANG_WARN_DIRECT_OBJC_ISA_USAGE = YES_ERROR;
				CLANG_WARN_OBJC_ROOT_CLASS = YES_ERROR;
				COPY_PHASE_STRIP = NO;
				DEBUG_INFORMATION_FORMAT = "dwarf-with-dsym";
				ENABLE_NS_ASSERTIONS = NO;
				GCC_WARN_ABOUT_RETURN_TYPE = YES_ERROR;
				GCC_WARN_UNINITIALIZED_AUTOS = YES_AGGRESSIVE;
				MACOSX_DEPLOYMENT_TARGET = 10.10;
				MTL_ENABLE_DEBUG_INFO = NO;
				PRODUCT_NAME = "$(TARGET_NAME)";
			};
			name = Release;
		};
		C05733C808A9546B00998B17 /* Debug */ = {
			isa = XCBuildConfiguration;
			buildSettings = {
				ALWAYS_SEARCH_USER_PATHS = NO;
				CLANG_ENABLE_MODULES = YES;
				COMBINE_HIDPI_IMAGES = YES;
				COPY_PHASE_STRIP = NO;
				GCC_DYNAMIC_NO_PIC = NO;
				GCC_ENABLE_FIX_AND_CONTINUE = YES;
				GCC_OPTIMIZATION_LEVEL = 0;
				INFOPLIST_FILE = "ForkView-Info.plist";
				LD_RUNPATH_SEARCH_PATHS = "$(inherited) @executable_path/../Frameworks";
				PRODUCT_NAME = ForkView;
				SWIFT_OBJC_BRIDGING_HEADER = "ForkView-Bridging-Header.h";
				SWIFT_OPTIMIZATION_LEVEL = "-Onone";
			};
			name = Debug;
		};
		C05733C908A9546B00998B17 /* Release */ = {
			isa = XCBuildConfiguration;
			buildSettings = {
				ALWAYS_SEARCH_USER_PATHS = NO;
				CLANG_ENABLE_MODULES = YES;
				COMBINE_HIDPI_IMAGES = YES;
				DEBUG_INFORMATION_FORMAT = "dwarf-with-dsym";
				INFOPLIST_FILE = "ForkView-Info.plist";
				LD_RUNPATH_SEARCH_PATHS = "$(inherited) @executable_path/../Frameworks";
				PRODUCT_NAME = ForkView;
				SWIFT_OBJC_BRIDGING_HEADER = "ForkView-Bridging-Header.h";
			};
			name = Release;
		};
		C05733CC08A9546B00998B17 /* Debug */ = {
			isa = XCBuildConfiguration;
			buildSettings = {
				CLANG_ENABLE_OBJC_ARC = YES;
				CLANG_WARN_BOOL_CONVERSION = YES;
				CLANG_WARN_CONSTANT_CONVERSION = YES;
				CLANG_WARN_EMPTY_BODY = YES;
				CLANG_WARN_ENUM_CONVERSION = YES;
				CLANG_WARN_INT_CONVERSION = YES;
				CLANG_WARN_UNREACHABLE_CODE = YES;
				CLANG_WARN__DUPLICATE_METHOD_MATCH = YES;
				ENABLE_STRICT_OBJC_MSGSEND = YES;
				GCC_C_LANGUAGE_STANDARD = gnu99;
				GCC_NO_COMMON_BLOCKS = YES;
				GCC_OPTIMIZATION_LEVEL = 0;
				GCC_TREAT_WARNINGS_AS_ERRORS = YES;
				GCC_VERSION = com.apple.compilers.llvm.clang.1_0;
				GCC_WARN_64_TO_32_BIT_CONVERSION = YES;
				GCC_WARN_ABOUT_RETURN_TYPE = YES;
				GCC_WARN_UNDECLARED_SELECTOR = YES;
				GCC_WARN_UNINITIALIZED_AUTOS = YES;
				GCC_WARN_UNUSED_FUNCTION = YES;
				GCC_WARN_UNUSED_VARIABLE = YES;
				MACOSX_DEPLOYMENT_TARGET = 10.9;
				ONLY_ACTIVE_ARCH = YES;
				SDKROOT = macosx;
				WARNING_CFLAGS = "-Wall";
			};
			name = Debug;
		};
		C05733CD08A9546B00998B17 /* Release */ = {
			isa = XCBuildConfiguration;
			buildSettings = {
				CLANG_ENABLE_OBJC_ARC = YES;
				CLANG_WARN_BOOL_CONVERSION = YES;
				CLANG_WARN_CONSTANT_CONVERSION = YES;
				CLANG_WARN_EMPTY_BODY = YES;
				CLANG_WARN_ENUM_CONVERSION = YES;
				CLANG_WARN_INT_CONVERSION = YES;
				CLANG_WARN_UNREACHABLE_CODE = YES;
				CLANG_WARN__DUPLICATE_METHOD_MATCH = YES;
				ENABLE_STRICT_OBJC_MSGSEND = YES;
				GCC_C_LANGUAGE_STANDARD = gnu99;
				GCC_NO_COMMON_BLOCKS = YES;
				GCC_TREAT_WARNINGS_AS_ERRORS = YES;
				GCC_VERSION = com.apple.compilers.llvm.clang.1_0;
				GCC_WARN_64_TO_32_BIT_CONVERSION = YES;
				GCC_WARN_ABOUT_RETURN_TYPE = YES;
				GCC_WARN_UNDECLARED_SELECTOR = YES;
				GCC_WARN_UNINITIALIZED_AUTOS = YES;
				GCC_WARN_UNUSED_FUNCTION = YES;
				GCC_WARN_UNUSED_VARIABLE = YES;
				MACOSX_DEPLOYMENT_TARGET = 10.9;
				SDKROOT = macosx;
				WARNING_CFLAGS = "-Wall";
			};
			name = Release;
		};
/* End XCBuildConfiguration section */

/* Begin XCConfigurationList section */
		A5FFD9041B0048EA008AB914 /* Build configuration list for PBXNativeTarget "PICTConverter" */ = {
			isa = XCConfigurationList;
			buildConfigurations = (
				A5FFD9021B0048EA008AB914 /* Debug */,
				A5FFD9031B0048EA008AB914 /* Release */,
			);
			defaultConfigurationIsVisible = 0;
			defaultConfigurationName = Release;
		};
		C05733C708A9546B00998B17 /* Build configuration list for PBXNativeTarget "ForkView" */ = {
			isa = XCConfigurationList;
			buildConfigurations = (
				C05733C808A9546B00998B17 /* Debug */,
				C05733C908A9546B00998B17 /* Release */,
			);
			defaultConfigurationIsVisible = 0;
			defaultConfigurationName = Release;
		};
		C05733CB08A9546B00998B17 /* Build configuration list for PBXProject "ForkView" */ = {
			isa = XCConfigurationList;
			buildConfigurations = (
				C05733CC08A9546B00998B17 /* Debug */,
				C05733CD08A9546B00998B17 /* Release */,
			);
			defaultConfigurationIsVisible = 0;
			defaultConfigurationName = Release;
		};
/* End XCConfigurationList section */
	};
	rootObject = 2A37F4A9FDCFA73011CA2CEA /* Project object */;
}
