// !$*UTF8*$!
{
	archiveVersion = 1;
	classes = {
	};
	objectVersion = 46;
	objects = {

/* Begin PBXBuildFile section */
		1DDD582C0DA1D0D100B32029 /* FVWindow.xib in Resources */ = {isa = PBXBuildFile; fileRef = 1DDD58280DA1D0D100B32029 /* FVWindow.xib */; };
		1DDD582D0DA1D0D100B32029 /* MainMenu.xib in Resources */ = {isa = PBXBuildFile; fileRef = 1DDD582A0DA1D0D100B32029 /* MainMenu.xib */; };
		8D15AC310486D014006FF6A4 /* FVDocument.m in Sources */ = {isa = PBXBuildFile; fileRef = 2A37F4ACFDCFA73011CA2CEA /* FVDocument.m */; settings = {ATTRIBUTES = (); }; };
		8D15AC320486D014006FF6A4 /* main.m in Sources */ = {isa = PBXBuildFile; fileRef = 2A37F4B0FDCFA73011CA2CEA /* main.m */; settings = {ATTRIBUTES = (); }; };
		8D15AC340486D014006FF6A4 /* Cocoa.framework in Frameworks */ = {isa = PBXBuildFile; fileRef = 1058C7A7FEA54F5311CA2CBB /* Cocoa.framework */; };
		A52DFD1F13C9697B001F6DD6 /* FVFork.m in Sources */ = {isa = PBXBuildFile; fileRef = A52DFD1E13C9697B001F6DD6 /* FVFork.m */; };
		A54A9B28138DDCB6004F8BB9 /* FVResourceFile.m in Sources */ = {isa = PBXBuildFile; fileRef = A54A9B27138DDCB6004F8BB9 /* FVResourceFile.m */; };
		A54A9D49138DF37D004F8BB9 /* FVResourceType.m in Sources */ = {isa = PBXBuildFile; fileRef = A54A9D48138DF37D004F8BB9 /* FVResourceType.m */; };
		A54A9DFE138DFF5B004F8BB9 /* FVLine.m in Sources */ = {isa = PBXBuildFile; fileRef = A54A9DFD138DFF5B004F8BB9 /* FVLine.m */; };
		A54A9F94138E163A004F8BB9 /* FVResource.m in Sources */ = {isa = PBXBuildFile; fileRef = A54A9F93138E163A004F8BB9 /* FVResource.m */; };
		A54AA0B8138E2428004F8BB9 /* FVPNGTemplate.m in Sources */ = {isa = PBXBuildFile; fileRef = A54AA0B7138E2428004F8BB9 /* FVPNGTemplate.m */; };
		A5530FAB13FAD0D0003C2275 /* FVWindowController.m in Sources */ = {isa = PBXBuildFile; fileRef = A5530FAA13FAD0D0003C2275 /* FVWindowController.m */; };
		A5F4222B13CEA8FD00C882B8 /* FVTableView.m in Sources */ = {isa = PBXBuildFile; fileRef = A5F4222A13CEA8FD00C882B8 /* FVTableView.m */; };
/* End PBXBuildFile section */

/* Begin PBXFileReference section */
		1058C7A7FEA54F5311CA2CBB /* Cocoa.framework */ = {isa = PBXFileReference; lastKnownFileType = wrapper.framework; name = Cocoa.framework; path = /System/Library/Frameworks/Cocoa.framework; sourceTree = "<absolute>"; };
		1DDD58290DA1D0D100B32029 /* English */ = {isa = PBXFileReference; lastKnownFileType = file.xib; name = English; path = English.lproj/FVWindow.xib; sourceTree = "<group>"; };
		1DDD582B0DA1D0D100B32029 /* English */ = {isa = PBXFileReference; lastKnownFileType = file.xib; name = English; path = English.lproj/MainMenu.xib; sourceTree = "<group>"; };
		2564AD2C0F5327BB00F57823 /* ForkView_Prefix.pch */ = {isa = PBXFileReference; fileEncoding = 4; lastKnownFileType = sourcecode.c.h; path = ForkView_Prefix.pch; sourceTree = "<group>"; };
		2A37F4ACFDCFA73011CA2CEA /* FVDocument.m */ = {isa = PBXFileReference; fileEncoding = 4; lastKnownFileType = sourcecode.c.objc; path = FVDocument.m; sourceTree = "<group>"; };
		2A37F4AEFDCFA73011CA2CEA /* FVDocument.h */ = {isa = PBXFileReference; fileEncoding = 4; lastKnownFileType = sourcecode.c.h; path = FVDocument.h; sourceTree = "<group>"; };
		2A37F4B0FDCFA73011CA2CEA /* main.m */ = {isa = PBXFileReference; fileEncoding = 4; lastKnownFileType = sourcecode.c.objc; path = main.m; sourceTree = "<group>"; };
		8D15AC360486D014006FF6A4 /* ForkView-Info.plist */ = {isa = PBXFileReference; fileEncoding = 4; lastKnownFileType = text.plist.xml; path = "ForkView-Info.plist"; sourceTree = "<group>"; };
		8D15AC370486D014006FF6A4 /* ForkView.app */ = {isa = PBXFileReference; explicitFileType = wrapper.application; includeInIndex = 0; path = ForkView.app; sourceTree = BUILT_PRODUCTS_DIR; };
		A52DFD1D13C9697B001F6DD6 /* FVFork.h */ = {isa = PBXFileReference; fileEncoding = 4; lastKnownFileType = sourcecode.c.h; path = FVFork.h; sourceTree = "<group>"; };
		A52DFD1E13C9697B001F6DD6 /* FVFork.m */ = {isa = PBXFileReference; fileEncoding = 4; lastKnownFileType = sourcecode.c.objc; path = FVFork.m; sourceTree = "<group>"; };
		A54A9B26138DDCB6004F8BB9 /* FVResourceFile.h */ = {isa = PBXFileReference; fileEncoding = 4; lastKnownFileType = sourcecode.c.h; path = FVResourceFile.h; sourceTree = "<group>"; };
		A54A9B27138DDCB6004F8BB9 /* FVResourceFile.m */ = {isa = PBXFileReference; fileEncoding = 4; lastKnownFileType = sourcecode.c.objc; path = FVResourceFile.m; sourceTree = "<group>"; };
		A54A9D47138DF37D004F8BB9 /* FVResourceType.h */ = {isa = PBXFileReference; fileEncoding = 4; lastKnownFileType = sourcecode.c.h; path = FVResourceType.h; sourceTree = "<group>"; };
		A54A9D48138DF37D004F8BB9 /* FVResourceType.m */ = {isa = PBXFileReference; fileEncoding = 4; lastKnownFileType = sourcecode.c.objc; path = FVResourceType.m; sourceTree = "<group>"; };
		A54A9D50138DF533004F8BB9 /* FVResourceTypePriv.h */ = {isa = PBXFileReference; fileEncoding = 4; lastKnownFileType = sourcecode.c.h; path = FVResourceTypePriv.h; sourceTree = "<group>"; };
		A54A9DFC138DFF5B004F8BB9 /* FVLine.h */ = {isa = PBXFileReference; fileEncoding = 4; lastKnownFileType = sourcecode.c.h; path = FVLine.h; sourceTree = "<group>"; };
		A54A9DFD138DFF5B004F8BB9 /* FVLine.m */ = {isa = PBXFileReference; fileEncoding = 4; lastKnownFileType = sourcecode.c.objc; path = FVLine.m; sourceTree = "<group>"; };
		A54A9F92138E163A004F8BB9 /* FVResource.h */ = {isa = PBXFileReference; fileEncoding = 4; lastKnownFileType = sourcecode.c.h; path = FVResource.h; sourceTree = "<group>"; };
		A54A9F93138E163A004F8BB9 /* FVResource.m */ = {isa = PBXFileReference; fileEncoding = 4; lastKnownFileType = sourcecode.c.objc; path = FVResource.m; sourceTree = "<group>"; };
		A54A9F9F138E1706004F8BB9 /* FVResourcePriv.h */ = {isa = PBXFileReference; fileEncoding = 4; lastKnownFileType = sourcecode.c.h; path = FVResourcePriv.h; sourceTree = "<group>"; };
		A54AA022138E1F81004F8BB9 /* FVResourceFilePriv.h */ = {isa = PBXFileReference; fileEncoding = 4; lastKnownFileType = sourcecode.c.h; path = FVResourceFilePriv.h; sourceTree = "<group>"; };
		A54AA09F138E22E7004F8BB9 /* FVTemplate.h */ = {isa = PBXFileReference; fileEncoding = 4; lastKnownFileType = sourcecode.c.h; path = FVTemplate.h; sourceTree = "<group>"; };
		A54AA0B6138E2428004F8BB9 /* FVPNGTemplate.h */ = {isa = PBXFileReference; fileEncoding = 4; lastKnownFileType = sourcecode.c.h; path = FVPNGTemplate.h; sourceTree = "<group>"; };
		A54AA0B7138E2428004F8BB9 /* FVPNGTemplate.m */ = {isa = PBXFileReference; fileEncoding = 4; lastKnownFileType = sourcecode.c.objc; path = FVPNGTemplate.m; sourceTree = "<group>"; };
		A5530FA913FAD0D0003C2275 /* FVWindowController.h */ = {isa = PBXFileReference; fileEncoding = 4; lastKnownFileType = sourcecode.c.h; path = FVWindowController.h; sourceTree = "<group>"; };
		A5530FAA13FAD0D0003C2275 /* FVWindowController.m */ = {isa = PBXFileReference; fileEncoding = 4; lastKnownFileType = sourcecode.c.objc; path = FVWindowController.m; sourceTree = "<group>"; };
		A5F4222913CEA8FD00C882B8 /* FVTableView.h */ = {isa = PBXFileReference; fileEncoding = 4; lastKnownFileType = sourcecode.c.h; path = FVTableView.h; sourceTree = "<group>"; };
		A5F4222A13CEA8FD00C882B8 /* FVTableView.m */ = {isa = PBXFileReference; fileEncoding = 4; lastKnownFileType = sourcecode.c.objc; path = FVTableView.m; sourceTree = "<group>"; };
/* End PBXFileReference section */

/* Begin PBXFrameworksBuildPhase section */
		8D15AC330486D014006FF6A4 /* Frameworks */ = {
			isa = PBXFrameworksBuildPhase;
			buildActionMask = 2147483647;
			files = (
				8D15AC340486D014006FF6A4 /* Cocoa.framework in Frameworks */,
			);
			runOnlyForDeploymentPostprocessing = 0;
		};
/* End PBXFrameworksBuildPhase section */

/* Begin PBXGroup section */
		19C28FB0FE9D524F11CA2CBB /* Products */ = {
			isa = PBXGroup;
			children = (
				8D15AC370486D014006FF6A4 /* ForkView.app */,
			);
			name = Products;
			sourceTree = "<group>";
		};
		2A37F4AAFDCFA73011CA2CEA /* ForkView */ = {
			isa = PBXGroup;
			children = (
				2A37F4ABFDCFA73011CA2CEA /* Classes */,
				2A37F4AFFDCFA73011CA2CEA /* Other Sources */,
				2A37F4B8FDCFA73011CA2CEA /* Resources */,
				2A37F4C3FDCFA73011CA2CEA /* Frameworks */,
				19C28FB0FE9D524F11CA2CBB /* Products */,
			);
			name = ForkView;
			sourceTree = "<group>";
		};
		2A37F4ABFDCFA73011CA2CEA /* Classes */ = {
			isa = PBXGroup;
			children = (
				A54A9F01138E0E6A004F8BB9 /* UI */,
				A54A9F02138E0E77004F8BB9 /* Library */,
			);
			name = Classes;
			sourceTree = "<group>";
		};
		2A37F4AFFDCFA73011CA2CEA /* Other Sources */ = {
			isa = PBXGroup;
			children = (
				2564AD2C0F5327BB00F57823 /* ForkView_Prefix.pch */,
				2A37F4B0FDCFA73011CA2CEA /* main.m */,
			);
			name = "Other Sources";
			sourceTree = "<group>";
		};
		2A37F4B8FDCFA73011CA2CEA /* Resources */ = {
			isa = PBXGroup;
			children = (
				8D15AC360486D014006FF6A4 /* ForkView-Info.plist */,
				1DDD58280DA1D0D100B32029 /* FVWindow.xib */,
				1DDD582A0DA1D0D100B32029 /* MainMenu.xib */,
			);
			name = Resources;
			sourceTree = "<group>";
		};
		2A37F4C3FDCFA73011CA2CEA /* Frameworks */ = {
			isa = PBXGroup;
			children = (
				1058C7A7FEA54F5311CA2CBB /* Cocoa.framework */,
			);
			name = Frameworks;
			sourceTree = "<group>";
		};
		A54A9F01138E0E6A004F8BB9 /* UI */ = {
			isa = PBXGroup;
			children = (
				2A37F4AEFDCFA73011CA2CEA /* FVDocument.h */,
				2A37F4ACFDCFA73011CA2CEA /* FVDocument.m */,
				A5530FA913FAD0D0003C2275 /* FVWindowController.h */,
				A5530FAA13FAD0D0003C2275 /* FVWindowController.m */,
				A5F422C913CEAF5700C882B8 /* Templates */,
				A54A9DFC138DFF5B004F8BB9 /* FVLine.h */,
				A54A9DFD138DFF5B004F8BB9 /* FVLine.m */,
				A5F4222913CEA8FD00C882B8 /* FVTableView.h */,
				A5F4222A13CEA8FD00C882B8 /* FVTableView.m */,
			);
			name = UI;
			sourceTree = "<group>";
		};
		A54A9F02138E0E77004F8BB9 /* Library */ = {
			isa = PBXGroup;
			children = (
				A54A9B26138DDCB6004F8BB9 /* FVResourceFile.h */,
				A54A9B27138DDCB6004F8BB9 /* FVResourceFile.m */,
				A52DFD1D13C9697B001F6DD6 /* FVFork.h */,
				A52DFD1E13C9697B001F6DD6 /* FVFork.m */,
				A54AA022138E1F81004F8BB9 /* FVResourceFilePriv.h */,
				A54A9D47138DF37D004F8BB9 /* FVResourceType.h */,
				A54A9D48138DF37D004F8BB9 /* FVResourceType.m */,
				A54A9D50138DF533004F8BB9 /* FVResourceTypePriv.h */,
				A54A9F92138E163A004F8BB9 /* FVResource.h */,
				A54A9F93138E163A004F8BB9 /* FVResource.m */,
				A54A9F9F138E1706004F8BB9 /* FVResourcePriv.h */,
			);
			name = Library;
			sourceTree = "<group>";
		};
		A5F422C913CEAF5700C882B8 /* Templates */ = {
			isa = PBXGroup;
			children = (
				A54AA09F138E22E7004F8BB9 /* FVTemplate.h */,
				A54AA0B6138E2428004F8BB9 /* FVPNGTemplate.h */,
				A54AA0B7138E2428004F8BB9 /* FVPNGTemplate.m */,
			);
			name = Templates;
			sourceTree = "<group>";
		};
/* End PBXGroup section */

/* Begin PBXNativeTarget section */
		8D15AC270486D014006FF6A4 /* ForkView */ = {
			isa = PBXNativeTarget;
			buildConfigurationList = C05733C708A9546B00998B17 /* Build configuration list for PBXNativeTarget "ForkView" */;
			buildPhases = (
				8D15AC2B0486D014006FF6A4 /* Resources */,
				8D15AC300486D014006FF6A4 /* Sources */,
				8D15AC330486D014006FF6A4 /* Frameworks */,
			);
			buildRules = (
			);
			dependencies = (
			);
			name = ForkView;
			productInstallPath = "$(HOME)/Applications";
			productName = ForkView;
			productReference = 8D15AC370486D014006FF6A4 /* ForkView.app */;
			productType = "com.apple.product-type.application";
		};
/* End PBXNativeTarget section */

/* Begin PBXProject section */
		2A37F4A9FDCFA73011CA2CEA /* Project object */ = {
			isa = PBXProject;
			attributes = {
				LastUpgradeCheck = 0600;
				ORGANIZATIONNAME = "Kevin Wojniak";
			};
			buildConfigurationList = C05733CB08A9546B00998B17 /* Build configuration list for PBXProject "ForkView" */;
			compatibilityVersion = "Xcode 3.2";
			developmentRegion = English;
			hasScannedForEncodings = 1;
			knownRegions = (
				English,
				Japanese,
				French,
				German,
			);
			mainGroup = 2A37F4AAFDCFA73011CA2CEA /* ForkView */;
			projectDirPath = "";
			projectRoot = "";
			targets = (
				8D15AC270486D014006FF6A4 /* ForkView */,
			);
		};
/* End PBXProject section */

/* Begin PBXResourcesBuildPhase section */
		8D15AC2B0486D014006FF6A4 /* Resources */ = {
			isa = PBXResourcesBuildPhase;
			buildActionMask = 2147483647;
			files = (
				1DDD582C0DA1D0D100B32029 /* FVWindow.xib in Resources */,
				1DDD582D0DA1D0D100B32029 /* MainMenu.xib in Resources */,
			);
			runOnlyForDeploymentPostprocessing = 0;
		};
/* End PBXResourcesBuildPhase section */

/* Begin PBXSourcesBuildPhase section */
		8D15AC300486D014006FF6A4 /* Sources */ = {
			isa = PBXSourcesBuildPhase;
			buildActionMask = 2147483647;
			files = (
				8D15AC310486D014006FF6A4 /* FVDocument.m in Sources */,
				8D15AC320486D014006FF6A4 /* main.m in Sources */,
				A54A9B28138DDCB6004F8BB9 /* FVResourceFile.m in Sources */,
				A54A9D49138DF37D004F8BB9 /* FVResourceType.m in Sources */,
				A54A9DFE138DFF5B004F8BB9 /* FVLine.m in Sources */,
				A54A9F94138E163A004F8BB9 /* FVResource.m in Sources */,
				A54AA0B8138E2428004F8BB9 /* FVPNGTemplate.m in Sources */,
				A52DFD1F13C9697B001F6DD6 /* FVFork.m in Sources */,
				A5F4222B13CEA8FD00C882B8 /* FVTableView.m in Sources */,
				A5530FAB13FAD0D0003C2275 /* FVWindowController.m in Sources */,
			);
			runOnlyForDeploymentPostprocessing = 0;
		};
/* End PBXSourcesBuildPhase section */

/* Begin PBXVariantGroup section */
		1DDD58280DA1D0D100B32029 /* FVWindow.xib */ = {
			isa = PBXVariantGroup;
			children = (
				1DDD58290DA1D0D100B32029 /* English */,
			);
			name = FVWindow.xib;
			sourceTree = "<group>";
		};
		1DDD582A0DA1D0D100B32029 /* MainMenu.xib */ = {
			isa = PBXVariantGroup;
			children = (
				1DDD582B0DA1D0D100B32029 /* English */,
			);
			name = MainMenu.xib;
			sourceTree = "<group>";
		};
/* End PBXVariantGroup section */

/* Begin XCBuildConfiguration section */
		C05733C808A9546B00998B17 /* Debug */ = {
			isa = XCBuildConfiguration;
			buildSettings = {
				ALWAYS_SEARCH_USER_PATHS = NO;
				COMBINE_HIDPI_IMAGES = YES;
				COPY_PHASE_STRIP = NO;
				GCC_DYNAMIC_NO_PIC = NO;
				GCC_ENABLE_FIX_AND_CONTINUE = YES;
				GCC_OPTIMIZATION_LEVEL = 0;
				GCC_PRECOMPILE_PREFIX_HEADER = YES;
				GCC_PREFIX_HEADER = ForkView_Prefix.pch;
				INFOPLIST_FILE = "ForkView-Info.plist";
				PRODUCT_NAME = ForkView;
			};
			name = Debug;
		};
		C05733C908A9546B00998B17 /* Release */ = {
			isa = XCBuildConfiguration;
			buildSettings = {
				ALWAYS_SEARCH_USER_PATHS = NO;
				COMBINE_HIDPI_IMAGES = YES;
				DEBUG_INFORMATION_FORMAT = "dwarf-with-dsym";
				GCC_PRECOMPILE_PREFIX_HEADER = YES;
				GCC_PREFIX_HEADER = ForkView_Prefix.pch;
				INFOPLIST_FILE = "ForkView-Info.plist";
				PRODUCT_NAME = ForkView;
			};
			name = Release;
		};
		C05733CC08A9546B00998B17 /* Debug */ = {
			isa = XCBuildConfiguration;
			buildSettings = {
				CLANG_ENABLE_OBJC_ARC = YES;
				CLANG_WARN_BOOL_CONVERSION = YES;
				CLANG_WARN_CONSTANT_CONVERSION = YES;
				CLANG_WARN_EMPTY_BODY = YES;
				CLANG_WARN_ENUM_CONVERSION = YES;
				CLANG_WARN_INT_CONVERSION = YES;
				CLANG_WARN_UNREACHABLE_CODE = YES;
				CLANG_WARN__DUPLICATE_METHOD_MATCH = YES;
				ENABLE_STRICT_OBJC_MSGSEND = YES;
				GCC_C_LANGUAGE_STANDARD = gnu99;
				GCC_OPTIMIZATION_LEVEL = 0;
				GCC_TREAT_WARNINGS_AS_ERRORS = YES;
				GCC_VERSION = com.apple.compilers.llvm.clang.1_0;
				GCC_WARN_64_TO_32_BIT_CONVERSION = YES;
				GCC_WARN_ABOUT_RETURN_TYPE = YES;
				GCC_WARN_UNDECLARED_SELECTOR = YES;
				GCC_WARN_UNINITIALIZED_AUTOS = YES;
				GCC_WARN_UNUSED_FUNCTION = YES;
				GCC_WARN_UNUSED_VARIABLE = YES;
				MACOSX_DEPLOYMENT_TARGET = 10.9;
				ONLY_ACTIVE_ARCH = YES;
				SDKROOT = macosx;
				WARNING_CFLAGS = "-Wall";
			};
			name = Debug;
		};
		C05733CD08A9546B00998B17 /* Release */ = {
			isa = XCBuildConfiguration;
			buildSettings = {
				CLANG_ENABLE_OBJC_ARC = YES;
				CLANG_WARN_BOOL_CONVERSION = YES;
				CLANG_WARN_CONSTANT_CONVERSION = YES;
				CLANG_WARN_EMPTY_BODY = YES;
				CLANG_WARN_ENUM_CONVERSION = YES;
				CLANG_WARN_INT_CONVERSION = YES;
				CLANG_WARN_UNREACHABLE_CODE = YES;
				CLANG_WARN__DUPLICATE_METHOD_MATCH = YES;
				ENABLE_STRICT_OBJC_MSGSEND = YES;
				GCC_C_LANGUAGE_STANDARD = gnu99;
				GCC_TREAT_WARNINGS_AS_ERRORS = YES;
				GCC_VERSION = com.apple.compilers.llvm.clang.1_0;
				GCC_WARN_64_TO_32_BIT_CONVERSION = YES;
				GCC_WARN_ABOUT_RETURN_TYPE = YES;
				GCC_WARN_UNDECLARED_SELECTOR = YES;
				GCC_WARN_UNINITIALIZED_AUTOS = YES;
				GCC_WARN_UNUSED_FUNCTION = YES;
				GCC_WARN_UNUSED_VARIABLE = YES;
				MACOSX_DEPLOYMENT_TARGET = 10.9;
				SDKROOT = macosx;
				WARNING_CFLAGS = "-Wall";
			};
			name = Release;
		};
/* End XCBuildConfiguration section */

/* Begin XCConfigurationList section */
		C05733C708A9546B00998B17 /* Build configuration list for PBXNativeTarget "ForkView" */ = {
			isa = XCConfigurationList;
			buildConfigurations = (
				C05733C808A9546B00998B17 /* Debug */,
				C05733C908A9546B00998B17 /* Release */,
			);
			defaultConfigurationIsVisible = 0;
			defaultConfigurationName = Release;
		};
		C05733CB08A9546B00998B17 /* Build configuration list for PBXProject "ForkView" */ = {
			isa = XCConfigurationList;
			buildConfigurations = (
				C05733CC08A9546B00998B17 /* Debug */,
				C05733CD08A9546B00998B17 /* Release */,
			);
			defaultConfigurationIsVisible = 0;
			defaultConfigurationName = Release;
		};
/* End XCConfigurationList section */
	};
	rootObject = 2A37F4A9FDCFA73011CA2CEA /* Project object */;
}
